github.com/fastly/compute-sdk-go v1.4.2 h1:GhPVB+lGzOidSANwNOE/M4z3uX7p4cjTNcV8xKdZdqs=
github.com/fastly/compute-sdk-go v1.4.2/go.mod h1:D72sqisfs4IX6ckaitUNBc2daWkayIxO/fIZgFRHLT0=
github.com/flosch/pongo2/v6 v6.0.0 h1:lsGru8IAzHgIAw6H2m4PCyleO58I40ow6apih0WprMU=
github.com/flosch/pongo2/v6 v6.0.0/go.mod h1:CuDpFm47R0uGGE7z13/tTlt1Y6zdxvr2RLT5LJhsHEU=
github.com/valyala/fastjson v1.6.4 h1:uAUNq9Z6ymTgGhcm0UynUAB6tlbakBrz6CQFax3BXVQ=
github.com/valyala/fastjson v1.6.4/go.mod h1:CLCAqky6SMuOcxStkYQvblddUtoRxhYMGLrsQns1aXY=
